
Microsoft Visual Studio Solution File, Format Version 12.00
# Visual Studio Version 17
VisualStudioVersion = 17.5.33424.131
MinimumVisualStudioVersion = 10.0.40219.1
Project("{9A19103F-16F7-4668-BE54-9A1E7A4F7556}") = "Dane", "Project\Dane\Dane.csproj", "{29C0546E-6C05-4700-A91C-1173D7342DE6}"
EndProject
Project("{9A19103F-16F7-4668-BE54-9A1E7A4F7556}") = "Logika", "Project\Logika\Logika.csproj", "{86F2A537-54AC-4A4F-B104-D15DA513215C}"
	ProjectSection(ProjectDependencies) = postProject
		{29C0546E-6C05-4700-A91C-1173D7342DE6} = {29C0546E-6C05-4700-A91C-1173D7342DE6}
	EndProjectSection
EndProject
Project("{9A19103F-16F7-4668-BE54-9A1E7A4F7556}") = "Prezentacja", "Project\Prezentacja\Prezentacja.csproj", "{F1035843-8715-49AC-A53D-AD8476C0E1E2}"
EndProject
Project("{9A19103F-16F7-4668-BE54-9A1E7A4F7556}") = "Model", "Project\MVVM\Model\Model.csproj", "{C79402E7-545E-4C15-A552-CCD8BF1D35D7}"
	ProjectSection(ProjectDependencies) = postProject
		{86F2A537-54AC-4A4F-B104-D15DA513215C} = {86F2A537-54AC-4A4F-B104-D15DA513215C}
	EndProjectSection
EndProject
Project("{9A19103F-16F7-4668-BE54-9A1E7A4F7556}") = "Dane_Tests", "Tests\Dane_Tests\Dane_Tests.csproj", "{7B3CDE68-8E38-4C06-8BAC-A4BAA58E83DA}"
EndProject
Project("{9A19103F-16F7-4668-BE54-9A1E7A4F7556}") = "Logika_Tests", "Tests\Logika_Tests\Logika_Tests.csproj", "{073C3E80-D03C-4361-946E-A650B35AD75D}"
EndProject
Project("{9A19103F-16F7-4668-BE54-9A1E7A4F7556}") = "ViewModel", "Project\MVVM\ViewModel\ViewModel.csproj", "{09FFC3B5-4727-47B8-AC66-36B7A8D17D51}"
EndProject
Project("{9A19103F-16F7-4668-BE54-9A1E7A4F7556}") = "View", "Project\MVVM\View\View.csproj", "{B0394B99-6C8A-4D05-B363-BCBF61BA55CF}"
EndProject
Project("{2150E333-8FDC-42A3-9474-1A3956D46DE8}") = "Tests", "Tests", "{4FD8FC1E-2793-4593-A3EF-F9A7BF0C0C2C}"
EndProject
Project("{2150E333-8FDC-42A3-9474-1A3956D46DE8}") = "Project", "Project", "{E6B79EAD-43C7-45CB-9EFD-2F03099A512E}"
EndProject
Project("{2150E333-8FDC-42A3-9474-1A3956D46DE8}") = "MVVM", "MVVM", "{73F42C9B-970F-40C3-9514-628D44A2157E}"
EndProject
Global
	GlobalSection(SolutionConfigurationPlatforms) = preSolution
		Debug|Any CPU = Debug|Any CPU
		Release|Any CPU = Release|Any CPU
	EndGlobalSection
	GlobalSection(ProjectConfigurationPlatforms) = postSolution
		{29C0546E-6C05-4700-A91C-1173D7342DE6}.Debug|Any CPU.ActiveCfg = Debug|Any CPU
		{29C0546E-6C05-4700-A91C-1173D7342DE6}.Debug|Any CPU.Build.0 = Debug|Any CPU
		{29C0546E-6C05-4700-A91C-1173D7342DE6}.Release|Any CPU.ActiveCfg = Release|Any CPU
		{29C0546E-6C05-4700-A91C-1173D7342DE6}.Release|Any CPU.Build.0 = Release|Any CPU
		{86F2A537-54AC-4A4F-B104-D15DA513215C}.Debug|Any CPU.ActiveCfg = Debug|Any CPU
		{86F2A537-54AC-4A4F-B104-D15DA513215C}.Debug|Any CPU.Build.0 = Debug|Any CPU
		{86F2A537-54AC-4A4F-B104-D15DA513215C}.Release|Any CPU.ActiveCfg = Release|Any CPU
		{86F2A537-54AC-4A4F-B104-D15DA513215C}.Release|Any CPU.Build.0 = Release|Any CPU
		{F1035843-8715-49AC-A53D-AD8476C0E1E2}.Debug|Any CPU.ActiveCfg = Debug|Any CPU
		{F1035843-8715-49AC-A53D-AD8476C0E1E2}.Debug|Any CPU.Build.0 = Debug|Any CPU
		{F1035843-8715-49AC-A53D-AD8476C0E1E2}.Release|Any CPU.ActiveCfg = Release|Any CPU
		{F1035843-8715-49AC-A53D-AD8476C0E1E2}.Release|Any CPU.Build.0 = Release|Any CPU
		{C79402E7-545E-4C15-A552-CCD8BF1D35D7}.Debug|Any CPU.ActiveCfg = Debug|Any CPU
		{C79402E7-545E-4C15-A552-CCD8BF1D35D7}.Debug|Any CPU.Build.0 = Debug|Any CPU
		{C79402E7-545E-4C15-A552-CCD8BF1D35D7}.Release|Any CPU.ActiveCfg = Release|Any CPU
		{C79402E7-545E-4C15-A552-CCD8BF1D35D7}.Release|Any CPU.Build.0 = Release|Any CPU
		{7B3CDE68-8E38-4C06-8BAC-A4BAA58E83DA}.Debug|Any CPU.ActiveCfg = Debug|Any CPU
		{7B3CDE68-8E38-4C06-8BAC-A4BAA58E83DA}.Debug|Any CPU.Build.0 = Debug|Any CPU
		{7B3CDE68-8E38-4C06-8BAC-A4BAA58E83DA}.Release|Any CPU.ActiveCfg = Release|Any CPU
		{7B3CDE68-8E38-4C06-8BAC-A4BAA58E83DA}.Release|Any CPU.Build.0 = Release|Any CPU
		{073C3E80-D03C-4361-946E-A650B35AD75D}.Debug|Any CPU.ActiveCfg = Debug|Any CPU
		{073C3E80-D03C-4361-946E-A650B35AD75D}.Debug|Any CPU.Build.0 = Debug|Any CPU
		{073C3E80-D03C-4361-946E-A650B35AD75D}.Release|Any CPU.ActiveCfg = Release|Any CPU
		{073C3E80-D03C-4361-946E-A650B35AD75D}.Release|Any CPU.Build.0 = Release|Any CPU
		{09FFC3B5-4727-47B8-AC66-36B7A8D17D51}.Debug|Any CPU.ActiveCfg = Debug|Any CPU
		{09FFC3B5-4727-47B8-AC66-36B7A8D17D51}.Debug|Any CPU.Build.0 = Debug|Any CPU
		{09FFC3B5-4727-47B8-AC66-36B7A8D17D51}.Release|Any CPU.ActiveCfg = Release|Any CPU
		{09FFC3B5-4727-47B8-AC66-36B7A8D17D51}.Release|Any CPU.Build.0 = Release|Any CPU
		{B0394B99-6C8A-4D05-B363-BCBF61BA55CF}.Debug|Any CPU.ActiveCfg = Debug|Any CPU
		{B0394B99-6C8A-4D05-B363-BCBF61BA55CF}.Debug|Any CPU.Build.0 = Debug|Any CPU
		{B0394B99-6C8A-4D05-B363-BCBF61BA55CF}.Release|Any CPU.ActiveCfg = Release|Any CPU
		{B0394B99-6C8A-4D05-B363-BCBF61BA55CF}.Release|Any CPU.Build.0 = Release|Any CPU
	EndGlobalSection
	GlobalSection(SolutionProperties) = preSolution
		HideSolutionNode = FALSE
	EndGlobalSection
	GlobalSection(NestedProjects) = preSolution
		{29C0546E-6C05-4700-A91C-1173D7342DE6} = {E6B79EAD-43C7-45CB-9EFD-2F03099A512E}
		{86F2A537-54AC-4A4F-B104-D15DA513215C} = {E6B79EAD-43C7-45CB-9EFD-2F03099A512E}
		{F1035843-8715-49AC-A53D-AD8476C0E1E2} = {E6B79EAD-43C7-45CB-9EFD-2F03099A512E}
		{C79402E7-545E-4C15-A552-CCD8BF1D35D7} = {73F42C9B-970F-40C3-9514-628D44A2157E}
		{7B3CDE68-8E38-4C06-8BAC-A4BAA58E83DA} = {4FD8FC1E-2793-4593-A3EF-F9A7BF0C0C2C}
		{073C3E80-D03C-4361-946E-A650B35AD75D} = {4FD8FC1E-2793-4593-A3EF-F9A7BF0C0C2C}
		{09FFC3B5-4727-47B8-AC66-36B7A8D17D51} = {73F42C9B-970F-40C3-9514-628D44A2157E}
		{B0394B99-6C8A-4D05-B363-BCBF61BA55CF} = {73F42C9B-970F-40C3-9514-628D44A2157E}
		{73F42C9B-970F-40C3-9514-628D44A2157E} = {E6B79EAD-43C7-45CB-9EFD-2F03099A512E}
	EndGlobalSection
	GlobalSection(ExtensibilityGlobals) = postSolution
		SolutionGuid = {CF24D46C-E2AB-4CD5-AF37-9FE1B80B0548}
	EndGlobalSection
EndGlobal
